AIBrain	c0f5a049826ae059763559de4c7ad76def53535f
All-Skills	66353aa1dcab50041c20b426acb78d25ed74b8ed
Claude-Power	d02f75259a117c10c8358c411249889c989ef55f
goaaiseo	ef8984e4d5377664747404bed3086f46c13b1a6c
goaaiseo-seo-adapter	4afe2b51aa7b4cf5c32b1761065198e051d33662
ScrapeToolAi	94215a9b21ff6e1823ffadfaf033b556d7c6b59a
